
Microsoft Visual Studio Solution File, Format Version 12.00
# Visual Studio 2012
Project("{FAE04EC0-301F-11D3-BF4B-00C04F79EFBC}") = "Sample.Domain", "Sample.Domain\Sample.Domain.csproj", "{D6A99DCC-AFD6-42E3-8D97-5DF6D8A41827}"
EndProject
Project("{FAE04EC0-301F-11D3-BF4B-00C04F79EFBC}") = "Sample.Repository.Interface", "Sample.Repository.Interface\Sample.Repository.Interface.csproj", "{86CA540C-4FCA-4334-8950-BB4274ED427B}"
EndProject
Project("{2150E333-8FDC-42A3-9474-1A3956D46DE8}") = "1. Domain", "1. Domain", "{4639FF49-6DE0-4012-8C3C-386B191ACB18}"
EndProject
Project("{2150E333-8FDC-42A3-9474-1A3956D46DE8}") = "2. Interface", "2. Interface", "{D67B4E97-A802-41C0-BC03-6A60DD79F4F3}"
EndProject
Project("{2150E333-8FDC-42A3-9474-1A3956D46DE8}") = "3. EF.Repository", "3. EF.Repository", "{2A0B9218-02CE-4B43-B483-57B357BD4F59}"
EndProject
Project("{2150E333-8FDC-42A3-9474-1A3956D46DE8}") = "5. Web", "5. Web", "{935AF7A5-D109-4940-999A-3ED97B717E87}"
EndProject
Project("{FAE04EC0-301F-11D3-BF4B-00C04F79EFBC}") = "Sample.Repository.EF_MSSQL", "Smaple.Repository.MSSQL\Sample.Repository.EF_MSSQL.csproj", "{9DDB0AE7-56DD-4CDD-B495-120C33D5DF95}"
EndProject
Project("{FAE04EC0-301F-11D3-BF4B-00C04F79EFBC}") = "Sample.Repository.EF_Oracle", "Sample.Repository.Oracle\Sample.Repository.EF_Oracle.csproj", "{21960570-654E-463E-AFF0-C210211F380F}"
EndProject
Project("{FAE04EC0-301F-11D3-BF4B-00C04F79EFBC}") = "Sample.Web", "Sample.Web\Sample.Web.csproj", "{6DC31348-EED8-44A8-B4C3-2629134235C8}"
EndProject
Project("{2150E333-8FDC-42A3-9474-1A3956D46DE8}") = "4. DAAB.Repository", "4. DAAB.Repository", "{78B85A24-0B01-4D75-881D-FDD05DBF11E7}"
EndProject
Project("{FAE04EC0-301F-11D3-BF4B-00C04F79EFBC}") = "Sample.Repository.DAAB_MSSQL", "Sample.Repository.DAAB_MSSQL\Sample.Repository.DAAB_MSSQL.csproj", "{FA70C4C7-9CA1-4C09-BE58-1A73CF0068BF}"
EndProject
Project("{FAE04EC0-301F-11D3-BF4B-00C04F79EFBC}") = "Sample.Repository.DAAB_Oracle", "Sample.Repository.DAAB_Oracle\Sample.Repository.DAAB_Oracle.csproj", "{E5BE0879-7266-4FE9-852E-8DBDCA8B1A95}"
EndProject
Project("{FAE04EC0-301F-11D3-BF4B-00C04F79EFBC}") = "Sample.Web.WebForm", "Sample.Web.WebForm\Sample.Web.WebForm.csproj", "{10C6F316-41D5-4D43-81F1-D111FDF9A595}"
EndProject
Project("{2150E333-8FDC-42A3-9474-1A3956D46DE8}") = ".nuget", ".nuget", "{6E94F02D-F244-4C58-AA90-F090561EDD55}"
	ProjectSection(SolutionItems) = preProject
		.nuget\NuGet.Config = .nuget\NuGet.Config
		.nuget\NuGet.exe = .nuget\NuGet.exe
		.nuget\NuGet.targets = .nuget\NuGet.targets
	EndProjectSection
EndProject
Global
	GlobalSection(SolutionConfigurationPlatforms) = preSolution
		Debug_DAAB_MSSQL|Any CPU = Debug_DAAB_MSSQL|Any CPU
		Debug_DAAB_Oracle|Any CPU = Debug_DAAB_Oracle|Any CPU
		Debug|Any CPU = Debug|Any CPU
		Release|Any CPU = Release|Any CPU
	EndGlobalSection
	GlobalSection(ProjectConfigurationPlatforms) = postSolution
		{D6A99DCC-AFD6-42E3-8D97-5DF6D8A41827}.Debug_DAAB_MSSQL|Any CPU.ActiveCfg = Debug_DAAB_MSSQL|Any CPU
		{D6A99DCC-AFD6-42E3-8D97-5DF6D8A41827}.Debug_DAAB_MSSQL|Any CPU.Build.0 = Debug_DAAB_MSSQL|Any CPU
		{D6A99DCC-AFD6-42E3-8D97-5DF6D8A41827}.Debug_DAAB_Oracle|Any CPU.ActiveCfg = Debug_DAAB_Oracle|Any CPU
		{D6A99DCC-AFD6-42E3-8D97-5DF6D8A41827}.Debug_DAAB_Oracle|Any CPU.Build.0 = Debug_DAAB_Oracle|Any CPU
		{D6A99DCC-AFD6-42E3-8D97-5DF6D8A41827}.Debug|Any CPU.ActiveCfg = Debug|Any CPU
		{D6A99DCC-AFD6-42E3-8D97-5DF6D8A41827}.Debug|Any CPU.Build.0 = Debug|Any CPU
		{D6A99DCC-AFD6-42E3-8D97-5DF6D8A41827}.Release|Any CPU.ActiveCfg = Release|Any CPU
		{D6A99DCC-AFD6-42E3-8D97-5DF6D8A41827}.Release|Any CPU.Build.0 = Release|Any CPU
		{86CA540C-4FCA-4334-8950-BB4274ED427B}.Debug_DAAB_MSSQL|Any CPU.ActiveCfg = Debug_DAAB_MSSQL|Any CPU
		{86CA540C-4FCA-4334-8950-BB4274ED427B}.Debug_DAAB_MSSQL|Any CPU.Build.0 = Debug_DAAB_MSSQL|Any CPU
		{86CA540C-4FCA-4334-8950-BB4274ED427B}.Debug_DAAB_Oracle|Any CPU.ActiveCfg = Debug_DAAB_Oracle|Any CPU
		{86CA540C-4FCA-4334-8950-BB4274ED427B}.Debug_DAAB_Oracle|Any CPU.Build.0 = Debug_DAAB_Oracle|Any CPU
		{86CA540C-4FCA-4334-8950-BB4274ED427B}.Debug|Any CPU.ActiveCfg = Debug|Any CPU
		{86CA540C-4FCA-4334-8950-BB4274ED427B}.Debug|Any CPU.Build.0 = Debug|Any CPU
		{86CA540C-4FCA-4334-8950-BB4274ED427B}.Release|Any CPU.ActiveCfg = Release|Any CPU
		{86CA540C-4FCA-4334-8950-BB4274ED427B}.Release|Any CPU.Build.0 = Release|Any CPU
		{9DDB0AE7-56DD-4CDD-B495-120C33D5DF95}.Debug_DAAB_MSSQL|Any CPU.ActiveCfg = Debug_DAAB_MSSQL|Any CPU
		{9DDB0AE7-56DD-4CDD-B495-120C33D5DF95}.Debug_DAAB_MSSQL|Any CPU.Build.0 = Debug_DAAB_MSSQL|Any CPU
		{9DDB0AE7-56DD-4CDD-B495-120C33D5DF95}.Debug_DAAB_Oracle|Any CPU.ActiveCfg = Debug_DAAB_Oracle|Any CPU
		{9DDB0AE7-56DD-4CDD-B495-120C33D5DF95}.Debug_DAAB_Oracle|Any CPU.Build.0 = Debug_DAAB_Oracle|Any CPU
		{9DDB0AE7-56DD-4CDD-B495-120C33D5DF95}.Debug|Any CPU.ActiveCfg = Debug|Any CPU
		{9DDB0AE7-56DD-4CDD-B495-120C33D5DF95}.Debug|Any CPU.Build.0 = Debug|Any CPU
		{9DDB0AE7-56DD-4CDD-B495-120C33D5DF95}.Release|Any CPU.ActiveCfg = Release|Any CPU
		{9DDB0AE7-56DD-4CDD-B495-120C33D5DF95}.Release|Any CPU.Build.0 = Release|Any CPU
		{21960570-654E-463E-AFF0-C210211F380F}.Debug_DAAB_MSSQL|Any CPU.ActiveCfg = Debug_DAAB_MSSQL|Any CPU
		{21960570-654E-463E-AFF0-C210211F380F}.Debug_DAAB_MSSQL|Any CPU.Build.0 = Debug_DAAB_MSSQL|Any CPU
		{21960570-654E-463E-AFF0-C210211F380F}.Debug_DAAB_Oracle|Any CPU.ActiveCfg = Debug_DAAB_Oracle|Any CPU
		{21960570-654E-463E-AFF0-C210211F380F}.Debug_DAAB_Oracle|Any CPU.Build.0 = Debug_DAAB_Oracle|Any CPU
		{21960570-654E-463E-AFF0-C210211F380F}.Debug|Any CPU.ActiveCfg = Debug|Any CPU
		{21960570-654E-463E-AFF0-C210211F380F}.Debug|Any CPU.Build.0 = Debug|Any CPU
		{21960570-654E-463E-AFF0-C210211F380F}.Release|Any CPU.ActiveCfg = Release|Any CPU
		{21960570-654E-463E-AFF0-C210211F380F}.Release|Any CPU.Build.0 = Release|Any CPU
		{6DC31348-EED8-44A8-B4C3-2629134235C8}.Debug_DAAB_MSSQL|Any CPU.ActiveCfg = Debug_DAAB_MSSQL|Any CPU
		{6DC31348-EED8-44A8-B4C3-2629134235C8}.Debug_DAAB_MSSQL|Any CPU.Build.0 = Debug_DAAB_MSSQL|Any CPU
		{6DC31348-EED8-44A8-B4C3-2629134235C8}.Debug_DAAB_MSSQL|Any CPU.Deploy.0 = Debug_DAAB_MSSQL|Any CPU
		{6DC31348-EED8-44A8-B4C3-2629134235C8}.Debug_DAAB_Oracle|Any CPU.ActiveCfg = Debug_DAAB_Oracle|Any CPU
		{6DC31348-EED8-44A8-B4C3-2629134235C8}.Debug_DAAB_Oracle|Any CPU.Build.0 = Debug_DAAB_Oracle|Any CPU
		{6DC31348-EED8-44A8-B4C3-2629134235C8}.Debug|Any CPU.ActiveCfg = Debug|Any CPU
		{6DC31348-EED8-44A8-B4C3-2629134235C8}.Debug|Any CPU.Build.0 = Debug|Any CPU
		{6DC31348-EED8-44A8-B4C3-2629134235C8}.Release|Any CPU.ActiveCfg = Release|Any CPU
		{6DC31348-EED8-44A8-B4C3-2629134235C8}.Release|Any CPU.Build.0 = Release|Any CPU
		{FA70C4C7-9CA1-4C09-BE58-1A73CF0068BF}.Debug_DAAB_MSSQL|Any CPU.ActiveCfg = Debug_DAAB_MSSQL|Any CPU
		{FA70C4C7-9CA1-4C09-BE58-1A73CF0068BF}.Debug_DAAB_MSSQL|Any CPU.Build.0 = Debug_DAAB_MSSQL|Any CPU
		{FA70C4C7-9CA1-4C09-BE58-1A73CF0068BF}.Debug_DAAB_Oracle|Any CPU.ActiveCfg = Debug_DAAB_Oracle|Any CPU
		{FA70C4C7-9CA1-4C09-BE58-1A73CF0068BF}.Debug_DAAB_Oracle|Any CPU.Build.0 = Debug_DAAB_Oracle|Any CPU
		{FA70C4C7-9CA1-4C09-BE58-1A73CF0068BF}.Debug|Any CPU.ActiveCfg = Debug|Any CPU
		{FA70C4C7-9CA1-4C09-BE58-1A73CF0068BF}.Debug|Any CPU.Build.0 = Debug|Any CPU
		{FA70C4C7-9CA1-4C09-BE58-1A73CF0068BF}.Release|Any CPU.ActiveCfg = Release|Any CPU
		{FA70C4C7-9CA1-4C09-BE58-1A73CF0068BF}.Release|Any CPU.Build.0 = Release|Any CPU
		{E5BE0879-7266-4FE9-852E-8DBDCA8B1A95}.Debug_DAAB_MSSQL|Any CPU.ActiveCfg = Debug_DAAB_MSSQL|Any CPU
		{E5BE0879-7266-4FE9-852E-8DBDCA8B1A95}.Debug_DAAB_MSSQL|Any CPU.Build.0 = Debug_DAAB_MSSQL|Any CPU
		{E5BE0879-7266-4FE9-852E-8DBDCA8B1A95}.Debug_DAAB_Oracle|Any CPU.ActiveCfg = Debug_DAAB_Oracle|Any CPU
		{E5BE0879-7266-4FE9-852E-8DBDCA8B1A95}.Debug_DAAB_Oracle|Any CPU.Build.0 = Debug_DAAB_Oracle|Any CPU
		{E5BE0879-7266-4FE9-852E-8DBDCA8B1A95}.Debug|Any CPU.ActiveCfg = Debug|Any CPU
		{E5BE0879-7266-4FE9-852E-8DBDCA8B1A95}.Debug|Any CPU.Build.0 = Debug|Any CPU
		{E5BE0879-7266-4FE9-852E-8DBDCA8B1A95}.Release|Any CPU.ActiveCfg = Release|Any CPU
		{E5BE0879-7266-4FE9-852E-8DBDCA8B1A95}.Release|Any CPU.Build.0 = Release|Any CPU
		{10C6F316-41D5-4D43-81F1-D111FDF9A595}.Debug_DAAB_MSSQL|Any CPU.ActiveCfg = Debug_DAAB_MSSQL|Any CPU
		{10C6F316-41D5-4D43-81F1-D111FDF9A595}.Debug_DAAB_MSSQL|Any CPU.Build.0 = Debug_DAAB_MSSQL|Any CPU
		{10C6F316-41D5-4D43-81F1-D111FDF9A595}.Debug_DAAB_MSSQL|Any CPU.Deploy.0 = Debug_DAAB_MSSQL|Any CPU
		{10C6F316-41D5-4D43-81F1-D111FDF9A595}.Debug_DAAB_Oracle|Any CPU.ActiveCfg = Debug_DAAB_Oracle|Any CPU
		{10C6F316-41D5-4D43-81F1-D111FDF9A595}.Debug_DAAB_Oracle|Any CPU.Build.0 = Debug_DAAB_Oracle|Any CPU
		{10C6F316-41D5-4D43-81F1-D111FDF9A595}.Debug|Any CPU.ActiveCfg = Debug|Any CPU
		{10C6F316-41D5-4D43-81F1-D111FDF9A595}.Debug|Any CPU.Build.0 = Debug|Any CPU
		{10C6F316-41D5-4D43-81F1-D111FDF9A595}.Release|Any CPU.ActiveCfg = Release|Any CPU
		{10C6F316-41D5-4D43-81F1-D111FDF9A595}.Release|Any CPU.Build.0 = Release|Any CPU
	EndGlobalSection
	GlobalSection(SolutionProperties) = preSolution
		HideSolutionNode = FALSE
	EndGlobalSection
	GlobalSection(NestedProjects) = preSolution
		{D6A99DCC-AFD6-42E3-8D97-5DF6D8A41827} = {4639FF49-6DE0-4012-8C3C-386B191ACB18}
		{86CA540C-4FCA-4334-8950-BB4274ED427B} = {D67B4E97-A802-41C0-BC03-6A60DD79F4F3}
		{9DDB0AE7-56DD-4CDD-B495-120C33D5DF95} = {2A0B9218-02CE-4B43-B483-57B357BD4F59}
		{21960570-654E-463E-AFF0-C210211F380F} = {2A0B9218-02CE-4B43-B483-57B357BD4F59}
		{6DC31348-EED8-44A8-B4C3-2629134235C8} = {935AF7A5-D109-4940-999A-3ED97B717E87}
		{10C6F316-41D5-4D43-81F1-D111FDF9A595} = {935AF7A5-D109-4940-999A-3ED97B717E87}
		{FA70C4C7-9CA1-4C09-BE58-1A73CF0068BF} = {78B85A24-0B01-4D75-881D-FDD05DBF11E7}
		{E5BE0879-7266-4FE9-852E-8DBDCA8B1A95} = {78B85A24-0B01-4D75-881D-FDD05DBF11E7}
	EndGlobalSection
EndGlobal
